
Microsoft Visual Studio Solution File, Format Version 12.00
# Visual Studio Version 16
VisualStudioVersion = 16.0.30523.141
MinimumVisualStudioVersion = 10.0.40219.1
Project("{FAE04EC0-301F-11D3-BF4B-00C04F79EFBC}") = "TombolaTicketGenerator", "TombolaTicketGenerator\TombolaTicketGenerator.csproj", "{B3163E86-A2DD-46E3-8473-23DA8C5468A0}"
EndProject
Global
	GlobalSection(SolutionConfigurationPlatforms) = preSolution
		Debug|Any CPU = Debug|Any CPU
		Release|Any CPU = Release|Any CPU
	EndGlobalSection
	GlobalSection(ProjectConfigurationPlatforms) = postSolution
		{B3163E86-A2DD-46E3-8473-23DA8C5468A0}.Debug|Any CPU.ActiveCfg = Debug|Any CPU
		{B3163E86-A2DD-46E3-8473-23DA8C5468A0}.Debug|Any CPU.Build.0 = Debug|Any CPU
		{B3163E86-A2DD-46E3-8473-23DA8C5468A0}.Release|Any CPU.ActiveCfg = Release|Any CPU
		{B3163E86-A2DD-46E3-8473-23DA8C5468A0}.Release|Any CPU.Build.0 = Release|Any CPU
	EndGlobalSection
	GlobalSection(SolutionProperties) = preSolution
		HideSolutionNode = FALSE
	EndGlobalSection
	GlobalSection(ExtensibilityGlobals) = postSolution
		SolutionGuid = {183E12B1-BE7F-4CF1-A0E5-2EC1A5FD6893}
	EndGlobalSection
EndGlobal
